
Microsoft Visual Studio Solution File, Format Version 12.00
# Visual Studio Version 16
VisualStudioVersion = 16.0.30002.166
MinimumVisualStudioVersion = 10.0.40219.1
Project("{F184B08F-C81C-45F6-A57F-5ABD9991F28F}") = "SpartanTrader10", "SpartanTrader10\SpartanTrader10.vbproj", "{F260F06C-D9EC-4D38-8B1E-CCA070716DFE}"
EndProject
Global
	GlobalSection(SolutionConfigurationPlatforms) = preSolution
		Debug|Any CPU = Debug|Any CPU
		Release|Any CPU = Release|Any CPU
	EndGlobalSection
	GlobalSection(ProjectConfigurationPlatforms) = postSolution
		{F260F06C-D9EC-4D38-8B1E-CCA070716DFE}.Debug|Any CPU.ActiveCfg = Debug|Any CPU
		{F260F06C-D9EC-4D38-8B1E-CCA070716DFE}.Debug|Any CPU.Build.0 = Debug|Any CPU
		{F260F06C-D9EC-4D38-8B1E-CCA070716DFE}.Release|Any CPU.ActiveCfg = Release|Any CPU
		{F260F06C-D9EC-4D38-8B1E-CCA070716DFE}.Release|Any CPU.Build.0 = Release|Any CPU
	EndGlobalSection
	GlobalSection(SolutionProperties) = preSolution
		HideSolutionNode = FALSE
	EndGlobalSection
	GlobalSection(ExtensibilityGlobals) = postSolution
		SolutionGuid = {8E7173DF-F42B-45E6-9FBC-32658A48677D}
	EndGlobalSection
EndGlobal
